
Microsoft Visual Studio Solution File, Format Version 12.00
# Visual Studio 15
VisualStudioVersion = 15.0.28307.421
MinimumVisualStudioVersion = 10.0.40219.1
Project("{8BC9CEB8-8B4A-11D0-8D11-00A0C91BC942}") = "codevsRB", "codevsRB\codevsRB.vcxproj", "{9F7F25EB-E448-435F-A6BB-56FB56DC2F9B}"
EndProject
Global
	GlobalSection(SolutionConfigurationPlatforms) = preSolution
		Debug|x64 = Debug|x64
		Release|x64 = Release|x64
	EndGlobalSection
	GlobalSection(ProjectConfigurationPlatforms) = postSolution
		{9F7F25EB-E448-435F-A6BB-56FB56DC2F9B}.Debug|x64.ActiveCfg = Debug|x64
		{9F7F25EB-E448-435F-A6BB-56FB56DC2F9B}.Debug|x64.Build.0 = Debug|x64
		{9F7F25EB-E448-435F-A6BB-56FB56DC2F9B}.Release|x64.ActiveCfg = Release|x64
		{9F7F25EB-E448-435F-A6BB-56FB56DC2F9B}.Release|x64.Build.0 = Release|x64
	EndGlobalSection
	GlobalSection(SolutionProperties) = preSolution
		HideSolutionNode = FALSE
	EndGlobalSection
	GlobalSection(ExtensibilityGlobals) = postSolution
		SolutionGuid = {5B5F90D5-FA11-43D4-9976-D6AF87028461}
	EndGlobalSection
EndGlobal
