
Microsoft Visual Studio Solution File, Format Version 12.00
# Visual Studio Version 16
VisualStudioVersion = 16.0.28803.156
MinimumVisualStudioVersion = 10.0.40219.1
Project("{8BC9CEB8-8B4A-11D0-8D11-00A0C91BC942}") = "codevsRB", "codevsRB\codevsRB.vcxproj", "{9F7F25EB-E448-435F-A6BB-56FB56DC2F9B}"
EndProject
Project("{8BC9CEB8-8B4A-11D0-8D11-00A0C91BC942}") = "Sample-Test2", "Sample-Test2\Sample-Test2.vcxproj", "{336AD1FC-AB30-4E86-A61E-B5FD58FDBC57}"
EndProject
Global
	GlobalSection(SolutionConfigurationPlatforms) = preSolution
		Debug(p)|x64 = Debug(p)|x64
		Debug(p)|x86 = Debug(p)|x86
		Debug(selfexec)|x64 = Debug(selfexec)|x64
		Debug(selfexec)|x86 = Debug(selfexec)|x86
		Debug(verify)|x64 = Debug(verify)|x64
		Debug(verify)|x86 = Debug(verify)|x86
		Debug|x64 = Debug|x64
		Debug|x86 = Debug|x86
		Release(selfexec)|x64 = Release(selfexec)|x64
		Release(selfexec)|x86 = Release(selfexec)|x86
		Release|x64 = Release|x64
		Release|x86 = Release|x86
	EndGlobalSection
	GlobalSection(ProjectConfigurationPlatforms) = postSolution
		{9F7F25EB-E448-435F-A6BB-56FB56DC2F9B}.Debug(p)|x64.ActiveCfg = Debug|x64
		{9F7F25EB-E448-435F-A6BB-56FB56DC2F9B}.Debug(p)|x64.Build.0 = Debug|x64
		{9F7F25EB-E448-435F-A6BB-56FB56DC2F9B}.Debug(p)|x86.ActiveCfg = Debug|Win32
		{9F7F25EB-E448-435F-A6BB-56FB56DC2F9B}.Debug(p)|x86.Build.0 = Debug|Win32
		{9F7F25EB-E448-435F-A6BB-56FB56DC2F9B}.Debug(selfexec)|x64.ActiveCfg = Debug(selfexec)|x64
		{9F7F25EB-E448-435F-A6BB-56FB56DC2F9B}.Debug(selfexec)|x64.Build.0 = Debug(selfexec)|x64
		{9F7F25EB-E448-435F-A6BB-56FB56DC2F9B}.Debug(selfexec)|x86.ActiveCfg = Debug(selfexec)|Win32
		{9F7F25EB-E448-435F-A6BB-56FB56DC2F9B}.Debug(selfexec)|x86.Build.0 = Debug(selfexec)|Win32
		{9F7F25EB-E448-435F-A6BB-56FB56DC2F9B}.Debug(verify)|x64.ActiveCfg = Debug(pure)|x64
		{9F7F25EB-E448-435F-A6BB-56FB56DC2F9B}.Debug(verify)|x64.Build.0 = Debug(pure)|x64
		{9F7F25EB-E448-435F-A6BB-56FB56DC2F9B}.Debug(verify)|x86.ActiveCfg = Debug(pure)|Win32
		{9F7F25EB-E448-435F-A6BB-56FB56DC2F9B}.Debug(verify)|x86.Build.0 = Debug(pure)|Win32
		{9F7F25EB-E448-435F-A6BB-56FB56DC2F9B}.Debug|x64.ActiveCfg = Debug|x64
		{9F7F25EB-E448-435F-A6BB-56FB56DC2F9B}.Debug|x64.Build.0 = Debug|x64
		{9F7F25EB-E448-435F-A6BB-56FB56DC2F9B}.Debug|x86.ActiveCfg = Debug|Win32
		{9F7F25EB-E448-435F-A6BB-56FB56DC2F9B}.Debug|x86.Build.0 = Debug|Win32
		{9F7F25EB-E448-435F-A6BB-56FB56DC2F9B}.Release(selfexec)|x64.ActiveCfg = Release(selfexec)|x64
		{9F7F25EB-E448-435F-A6BB-56FB56DC2F9B}.Release(selfexec)|x64.Build.0 = Release(selfexec)|x64
		{9F7F25EB-E448-435F-A6BB-56FB56DC2F9B}.Release(selfexec)|x86.ActiveCfg = Release(selfexec)|Win32
		{9F7F25EB-E448-435F-A6BB-56FB56DC2F9B}.Release(selfexec)|x86.Build.0 = Release(selfexec)|Win32
		{9F7F25EB-E448-435F-A6BB-56FB56DC2F9B}.Release|x64.ActiveCfg = Release|x64
		{9F7F25EB-E448-435F-A6BB-56FB56DC2F9B}.Release|x64.Build.0 = Release|x64
		{9F7F25EB-E448-435F-A6BB-56FB56DC2F9B}.Release|x86.ActiveCfg = Release|Win32
		{9F7F25EB-E448-435F-A6BB-56FB56DC2F9B}.Release|x86.Build.0 = Release|Win32
		{336AD1FC-AB30-4E86-A61E-B5FD58FDBC57}.Debug(p)|x64.ActiveCfg = Debug|x64
		{336AD1FC-AB30-4E86-A61E-B5FD58FDBC57}.Debug(p)|x64.Build.0 = Debug|x64
		{336AD1FC-AB30-4E86-A61E-B5FD58FDBC57}.Debug(p)|x86.ActiveCfg = Debug|Win32
		{336AD1FC-AB30-4E86-A61E-B5FD58FDBC57}.Debug(p)|x86.Build.0 = Debug|Win32
		{336AD1FC-AB30-4E86-A61E-B5FD58FDBC57}.Debug(selfexec)|x64.ActiveCfg = Debug(selfexec)|x64
		{336AD1FC-AB30-4E86-A61E-B5FD58FDBC57}.Debug(selfexec)|x64.Build.0 = Debug(selfexec)|x64
		{336AD1FC-AB30-4E86-A61E-B5FD58FDBC57}.Debug(selfexec)|x86.ActiveCfg = Debug(selfexec)|Win32
		{336AD1FC-AB30-4E86-A61E-B5FD58FDBC57}.Debug(selfexec)|x86.Build.0 = Debug(selfexec)|Win32
		{336AD1FC-AB30-4E86-A61E-B5FD58FDBC57}.Debug(verify)|x64.ActiveCfg = Debug|x64
		{336AD1FC-AB30-4E86-A61E-B5FD58FDBC57}.Debug(verify)|x64.Build.0 = Debug|x64
		{336AD1FC-AB30-4E86-A61E-B5FD58FDBC57}.Debug(verify)|x86.ActiveCfg = Debug|Win32
		{336AD1FC-AB30-4E86-A61E-B5FD58FDBC57}.Debug(verify)|x86.Build.0 = Debug|Win32
		{336AD1FC-AB30-4E86-A61E-B5FD58FDBC57}.Debug|x64.ActiveCfg = Debug|x64
		{336AD1FC-AB30-4E86-A61E-B5FD58FDBC57}.Debug|x64.Build.0 = Debug|x64
		{336AD1FC-AB30-4E86-A61E-B5FD58FDBC57}.Debug|x86.ActiveCfg = Debug|Win32
		{336AD1FC-AB30-4E86-A61E-B5FD58FDBC57}.Debug|x86.Build.0 = Debug|Win32
		{336AD1FC-AB30-4E86-A61E-B5FD58FDBC57}.Release(selfexec)|x64.ActiveCfg = Release|x64
		{336AD1FC-AB30-4E86-A61E-B5FD58FDBC57}.Release(selfexec)|x64.Build.0 = Release|x64
		{336AD1FC-AB30-4E86-A61E-B5FD58FDBC57}.Release(selfexec)|x86.ActiveCfg = Release|Win32
		{336AD1FC-AB30-4E86-A61E-B5FD58FDBC57}.Release(selfexec)|x86.Build.0 = Release|Win32
		{336AD1FC-AB30-4E86-A61E-B5FD58FDBC57}.Release|x64.ActiveCfg = Release|x64
		{336AD1FC-AB30-4E86-A61E-B5FD58FDBC57}.Release|x64.Build.0 = Release|x64
		{336AD1FC-AB30-4E86-A61E-B5FD58FDBC57}.Release|x86.ActiveCfg = Release|Win32
		{336AD1FC-AB30-4E86-A61E-B5FD58FDBC57}.Release|x86.Build.0 = Release|Win32
	EndGlobalSection
	GlobalSection(SolutionProperties) = preSolution
		HideSolutionNode = FALSE
	EndGlobalSection
	GlobalSection(ExtensibilityGlobals) = postSolution
		SolutionGuid = {5B5F90D5-FA11-43D4-9976-D6AF87028461}
	EndGlobalSection
EndGlobal
